
Microsoft Visual Studio Solution File, Format Version 12.00
# Visual Studio 14
VisualStudioVersion = 14.0.25123.0
MinimumVisualStudioVersion = 10.0.40219.1
Project("{2150E333-8FDC-42A3-9474-1A3956D46DE8}") = "Models", "Models", "{42520B16-FD8D-440A-B215-CF18E48B3CFB}"
EndProject
Project("{2150E333-8FDC-42A3-9474-1A3956D46DE8}") = "Shared", "Shared", "{DCE56DAD-A319-4A3A-A249-B2C423584F95}"
EndProject
Project("{2150E333-8FDC-42A3-9474-1A3956D46DE8}") = "Tests", "Tests", "{86401327-2BFB-4222-BA7F-F8B68CF99CD1}"
EndProject
Project("{2150E333-8FDC-42A3-9474-1A3956D46DE8}") = "Tests", "Tests", "{547961A3-A862-4932-B749-D708F0028CD2}"
EndProject
Project("{2150E333-8FDC-42A3-9474-1A3956D46DE8}") = "Database", "Database", "{CC24EFAC-CFD0-4514-B9FF-BA6A5CA5C291}"
EndProject
Project("{FAE04EC0-301F-11D3-BF4B-00C04F79EFBC}") = "MyMoney.API.Assemblers", "API\MyMoney.API.Assemblers\MyMoney.API.Assemblers.csproj", "{92CE09E3-14DD-469A-8603-F792C54B1ECF}"
EndProject
Project("{FAE04EC0-301F-11D3-BF4B-00C04F79EFBC}") = "MyMoney.Web.Assemblers", "Web\MyMoney.Web.Assemblers\MyMoney.Web.Assemblers.csproj", "{03287D4C-906B-4FEF-BABC-27AC733F3878}"
EndProject
Project("{FAE04EC0-301F-11D3-BF4B-00C04F79EFBC}") = "MyMoney.Web.Assemblers.Tests", "Web\MyMoney.Web.Assemblers.Tests\MyMoney.Web.Assemblers.Tests.csproj", "{8378AADF-CAE6-4554-9743-5DC323347696}"
EndProject
Project("{FAE04EC0-301F-11D3-BF4B-00C04F79EFBC}") = "MyMoney.API.Assemblers.Tests", "API\MyMoney.API.Assemblers.Tests\MyMoney.API.Assemblers.Tests.csproj", "{B3689D39-D10B-4931-A95C-B134245A081B}"
EndProject
Project("{FAE04EC0-301F-11D3-BF4B-00C04F79EFBC}") = "MyMoney.API.DataAccess", "API\MyMoney.API.DataAccess\MyMoney.API.DataAccess.csproj", "{D6D57E85-BB99-4F50-A86B-5B943836E684}"
EndProject
Project("{FAE04EC0-301F-11D3-BF4B-00C04F79EFBC}") = "MyMoney.Web.DataAccess", "Web\MyMoney.Web.DataAccess\MyMoney.Web.DataAccess.csproj", "{E9F725D5-8F4D-492C-8B10-1F207CE399FD}"
EndProject
Project("{00D1A9C2-B5F0-4AF3-8072-F6C62B433612}") = "MyMoney.Database", "Database\MyMoney.Database\MyMoney.Database.sqlproj", "{A26203E9-7401-4D33-AEA4-4D6E89195336}"
EndProject
Project("{FAE04EC0-301F-11D3-BF4B-00C04F79EFBC}") = "MyMoney.Web.DependencyInjection", "Web\MyMoney.Web.DependencyInjection\MyMoney.Web.DependencyInjection.csproj", "{799A2772-A642-4F8E-8692-7C1FD658DF8D}"
EndProject
Project("{FAE04EC0-301F-11D3-BF4B-00C04F79EFBC}") = "MyMoney.API.DependencyInjection", "API\MyMoney.API.DependencyInjection\MyMoney.API.DependencyInjection.csproj", "{2D8CC959-70C6-41C8-A734-A11A9C164154}"
EndProject
Project("{FAE04EC0-301F-11D3-BF4B-00C04F79EFBC}") = "MyMoney.ViewModels", "Models\MyMoney.ViewModels\MyMoney.ViewModels.csproj", "{7CEDB9FF-F121-49B0-A9EA-14C34CAB01F7}"
EndProject
Project("{FAE04EC0-301F-11D3-BF4B-00C04F79EFBC}") = "MyMoney.DataModels", "Models\MyMoney.DataModels\MyMoney.DataModels.csproj", "{4FC33969-3E6B-4B9B-8F30-5F47DEF0AC49}"
EndProject
Project("{FAE04EC0-301F-11D3-BF4B-00C04F79EFBC}") = "MyMoney.Web.Orchestrators", "Web\MyMoney.Web.Orchestrators\MyMoney.Web.Orchestrators.csproj", "{E4F171AF-EE07-453D-A8A7-76C53877FF4F}"
EndProject
Project("{FAE04EC0-301F-11D3-BF4B-00C04F79EFBC}") = "MyMoney.API.Orchestrators", "API\MyMoney.API.Orchestrators\MyMoney.API.Orchestrators.csproj", "{F9B6C518-D6A9-4411-9503-27FA9129015F}"
EndProject
Project("{FAE04EC0-301F-11D3-BF4B-00C04F79EFBC}") = "MyMoney.API.Orchestrators.Tests", "API\MyMoney.API.Orchestrators.Tests\MyMoney.API.Orchestrators.Tests.csproj", "{27DA3A2D-FF3D-4B48-97F9-A15476E74BBC}"
EndProject
Project("{FAE04EC0-301F-11D3-BF4B-00C04F79EFBC}") = "MyMoney.Web.Orchestrators.Tests", "Web\MyMoney.Web.Orchestrators.Tests\MyMoney.Web.Orchestrators.Tests.csproj", "{15F22407-88C6-4C47-BC8C-350AFE25C5C7}"
EndProject
Project("{FAE04EC0-301F-11D3-BF4B-00C04F79EFBC}") = "MyMoney.DTO", "Shared\MyMoney.DTO\MyMoney.DTO.csproj", "{DB1B76A1-FF34-49A1-A219-3C14481CA713}"
EndProject
Project("{FAE04EC0-301F-11D3-BF4B-00C04F79EFBC}") = "MyMoney.Resources", "Shared\MyMoney.Resources\MyMoney.Resources.csproj", "{48B3B8D0-7999-4022-B2BB-A77BCB18228B}"
EndProject
Project("{FAE04EC0-301F-11D3-BF4B-00C04F79EFBC}") = "MyMoney.Wrappers", "Shared\MyMoney.Wrappers\MyMoney.Wrappers.csproj", "{D944DAEC-CA72-48DB-8CFE-A372A60EFB4A}"
EndProject
Project("{FAE04EC0-301F-11D3-BF4B-00C04F79EFBC}") = "MyMoney.Web", "Web\MyMoney.Web\MyMoney.Web.csproj", "{381CE857-3724-41DC-AD5D-E56D73750CA9}"
EndProject
Project("{FAE04EC0-301F-11D3-BF4B-00C04F79EFBC}") = "MyMoney.API", "API\MyMoney.API\MyMoney.API.csproj", "{61C2A79E-2241-491C-8FF6-64018E8060D4}"
EndProject
Project("{2150E333-8FDC-42A3-9474-1A3956D46DE8}") = "Web", "Web", "{D1E45B16-0197-40E5-8DCF-93A0DBDCC2FD}"
EndProject
Project("{2150E333-8FDC-42A3-9474-1A3956D46DE8}") = "API", "API", "{1F8EA4DE-52E7-4924-8C36-623EFC774707}"
EndProject
Project("{FAE04EC0-301F-11D3-BF4B-00C04F79EFBC}") = "MyMoney.Proxies", "Models\MyMoney.Proxies\MyMoney.Proxies.csproj", "{6AE51393-4A4C-4A7F-BBCC-B32CE31D62EA}"
EndProject
Global
	GlobalSection(SolutionConfigurationPlatforms) = preSolution
		Debug|Any CPU = Debug|Any CPU
		Release|Any CPU = Release|Any CPU
	EndGlobalSection
	GlobalSection(ProjectConfigurationPlatforms) = postSolution
		{92CE09E3-14DD-469A-8603-F792C54B1ECF}.Debug|Any CPU.ActiveCfg = Debug|Any CPU
		{92CE09E3-14DD-469A-8603-F792C54B1ECF}.Debug|Any CPU.Build.0 = Debug|Any CPU
		{92CE09E3-14DD-469A-8603-F792C54B1ECF}.Release|Any CPU.ActiveCfg = Release|Any CPU
		{92CE09E3-14DD-469A-8603-F792C54B1ECF}.Release|Any CPU.Build.0 = Release|Any CPU
		{03287D4C-906B-4FEF-BABC-27AC733F3878}.Debug|Any CPU.ActiveCfg = Debug|Any CPU
		{03287D4C-906B-4FEF-BABC-27AC733F3878}.Debug|Any CPU.Build.0 = Debug|Any CPU
		{03287D4C-906B-4FEF-BABC-27AC733F3878}.Release|Any CPU.ActiveCfg = Release|Any CPU
		{03287D4C-906B-4FEF-BABC-27AC733F3878}.Release|Any CPU.Build.0 = Release|Any CPU
		{8378AADF-CAE6-4554-9743-5DC323347696}.Debug|Any CPU.ActiveCfg = Debug|Any CPU
		{8378AADF-CAE6-4554-9743-5DC323347696}.Debug|Any CPU.Build.0 = Debug|Any CPU
		{8378AADF-CAE6-4554-9743-5DC323347696}.Release|Any CPU.ActiveCfg = Release|Any CPU
		{8378AADF-CAE6-4554-9743-5DC323347696}.Release|Any CPU.Build.0 = Release|Any CPU
		{B3689D39-D10B-4931-A95C-B134245A081B}.Debug|Any CPU.ActiveCfg = Debug|Any CPU
		{B3689D39-D10B-4931-A95C-B134245A081B}.Debug|Any CPU.Build.0 = Debug|Any CPU
		{B3689D39-D10B-4931-A95C-B134245A081B}.Release|Any CPU.ActiveCfg = Release|Any CPU
		{B3689D39-D10B-4931-A95C-B134245A081B}.Release|Any CPU.Build.0 = Release|Any CPU
		{D6D57E85-BB99-4F50-A86B-5B943836E684}.Debug|Any CPU.ActiveCfg = Debug|Any CPU
		{D6D57E85-BB99-4F50-A86B-5B943836E684}.Debug|Any CPU.Build.0 = Debug|Any CPU
		{D6D57E85-BB99-4F50-A86B-5B943836E684}.Release|Any CPU.ActiveCfg = Release|Any CPU
		{D6D57E85-BB99-4F50-A86B-5B943836E684}.Release|Any CPU.Build.0 = Release|Any CPU
		{E9F725D5-8F4D-492C-8B10-1F207CE399FD}.Debug|Any CPU.ActiveCfg = Debug|Any CPU
		{E9F725D5-8F4D-492C-8B10-1F207CE399FD}.Debug|Any CPU.Build.0 = Debug|Any CPU
		{E9F725D5-8F4D-492C-8B10-1F207CE399FD}.Release|Any CPU.ActiveCfg = Release|Any CPU
		{E9F725D5-8F4D-492C-8B10-1F207CE399FD}.Release|Any CPU.Build.0 = Release|Any CPU
		{A26203E9-7401-4D33-AEA4-4D6E89195336}.Debug|Any CPU.ActiveCfg = Debug|Any CPU
		{A26203E9-7401-4D33-AEA4-4D6E89195336}.Debug|Any CPU.Build.0 = Debug|Any CPU
		{A26203E9-7401-4D33-AEA4-4D6E89195336}.Debug|Any CPU.Deploy.0 = Debug|Any CPU
		{A26203E9-7401-4D33-AEA4-4D6E89195336}.Release|Any CPU.ActiveCfg = Release|Any CPU
		{A26203E9-7401-4D33-AEA4-4D6E89195336}.Release|Any CPU.Build.0 = Release|Any CPU
		{A26203E9-7401-4D33-AEA4-4D6E89195336}.Release|Any CPU.Deploy.0 = Release|Any CPU
		{799A2772-A642-4F8E-8692-7C1FD658DF8D}.Debug|Any CPU.ActiveCfg = Debug|Any CPU
		{799A2772-A642-4F8E-8692-7C1FD658DF8D}.Debug|Any CPU.Build.0 = Debug|Any CPU
		{799A2772-A642-4F8E-8692-7C1FD658DF8D}.Release|Any CPU.ActiveCfg = Release|Any CPU
		{799A2772-A642-4F8E-8692-7C1FD658DF8D}.Release|Any CPU.Build.0 = Release|Any CPU
		{2D8CC959-70C6-41C8-A734-A11A9C164154}.Debug|Any CPU.ActiveCfg = Debug|Any CPU
		{2D8CC959-70C6-41C8-A734-A11A9C164154}.Debug|Any CPU.Build.0 = Debug|Any CPU
		{2D8CC959-70C6-41C8-A734-A11A9C164154}.Release|Any CPU.ActiveCfg = Release|Any CPU
		{2D8CC959-70C6-41C8-A734-A11A9C164154}.Release|Any CPU.Build.0 = Release|Any CPU
		{7CEDB9FF-F121-49B0-A9EA-14C34CAB01F7}.Debug|Any CPU.ActiveCfg = Debug|Any CPU
		{7CEDB9FF-F121-49B0-A9EA-14C34CAB01F7}.Debug|Any CPU.Build.0 = Debug|Any CPU
		{7CEDB9FF-F121-49B0-A9EA-14C34CAB01F7}.Release|Any CPU.ActiveCfg = Release|Any CPU
		{7CEDB9FF-F121-49B0-A9EA-14C34CAB01F7}.Release|Any CPU.Build.0 = Release|Any CPU
		{4FC33969-3E6B-4B9B-8F30-5F47DEF0AC49}.Debug|Any CPU.ActiveCfg = Debug|Any CPU
		{4FC33969-3E6B-4B9B-8F30-5F47DEF0AC49}.Debug|Any CPU.Build.0 = Debug|Any CPU
		{4FC33969-3E6B-4B9B-8F30-5F47DEF0AC49}.Release|Any CPU.ActiveCfg = Release|Any CPU
		{4FC33969-3E6B-4B9B-8F30-5F47DEF0AC49}.Release|Any CPU.Build.0 = Release|Any CPU
		{E4F171AF-EE07-453D-A8A7-76C53877FF4F}.Debug|Any CPU.ActiveCfg = Debug|Any CPU
		{E4F171AF-EE07-453D-A8A7-76C53877FF4F}.Debug|Any CPU.Build.0 = Debug|Any CPU
		{E4F171AF-EE07-453D-A8A7-76C53877FF4F}.Release|Any CPU.ActiveCfg = Release|Any CPU
		{E4F171AF-EE07-453D-A8A7-76C53877FF4F}.Release|Any CPU.Build.0 = Release|Any CPU
		{F9B6C518-D6A9-4411-9503-27FA9129015F}.Debug|Any CPU.ActiveCfg = Debug|Any CPU
		{F9B6C518-D6A9-4411-9503-27FA9129015F}.Debug|Any CPU.Build.0 = Debug|Any CPU
		{F9B6C518-D6A9-4411-9503-27FA9129015F}.Release|Any CPU.ActiveCfg = Release|Any CPU
		{F9B6C518-D6A9-4411-9503-27FA9129015F}.Release|Any CPU.Build.0 = Release|Any CPU
		{27DA3A2D-FF3D-4B48-97F9-A15476E74BBC}.Debug|Any CPU.ActiveCfg = Debug|Any CPU
		{27DA3A2D-FF3D-4B48-97F9-A15476E74BBC}.Debug|Any CPU.Build.0 = Debug|Any CPU
		{27DA3A2D-FF3D-4B48-97F9-A15476E74BBC}.Release|Any CPU.ActiveCfg = Release|Any CPU
		{27DA3A2D-FF3D-4B48-97F9-A15476E74BBC}.Release|Any CPU.Build.0 = Release|Any CPU
		{15F22407-88C6-4C47-BC8C-350AFE25C5C7}.Debug|Any CPU.ActiveCfg = Debug|Any CPU
		{15F22407-88C6-4C47-BC8C-350AFE25C5C7}.Debug|Any CPU.Build.0 = Debug|Any CPU
		{15F22407-88C6-4C47-BC8C-350AFE25C5C7}.Release|Any CPU.ActiveCfg = Release|Any CPU
		{15F22407-88C6-4C47-BC8C-350AFE25C5C7}.Release|Any CPU.Build.0 = Release|Any CPU
		{DB1B76A1-FF34-49A1-A219-3C14481CA713}.Debug|Any CPU.ActiveCfg = Debug|Any CPU
		{DB1B76A1-FF34-49A1-A219-3C14481CA713}.Debug|Any CPU.Build.0 = Debug|Any CPU
		{DB1B76A1-FF34-49A1-A219-3C14481CA713}.Release|Any CPU.ActiveCfg = Release|Any CPU
		{DB1B76A1-FF34-49A1-A219-3C14481CA713}.Release|Any CPU.Build.0 = Release|Any CPU
		{48B3B8D0-7999-4022-B2BB-A77BCB18228B}.Debug|Any CPU.ActiveCfg = Debug|Any CPU
		{48B3B8D0-7999-4022-B2BB-A77BCB18228B}.Debug|Any CPU.Build.0 = Debug|Any CPU
		{48B3B8D0-7999-4022-B2BB-A77BCB18228B}.Release|Any CPU.ActiveCfg = Release|Any CPU
		{48B3B8D0-7999-4022-B2BB-A77BCB18228B}.Release|Any CPU.Build.0 = Release|Any CPU
		{D944DAEC-CA72-48DB-8CFE-A372A60EFB4A}.Debug|Any CPU.ActiveCfg = Debug|Any CPU
		{D944DAEC-CA72-48DB-8CFE-A372A60EFB4A}.Debug|Any CPU.Build.0 = Debug|Any CPU
		{D944DAEC-CA72-48DB-8CFE-A372A60EFB4A}.Release|Any CPU.ActiveCfg = Release|Any CPU
		{D944DAEC-CA72-48DB-8CFE-A372A60EFB4A}.Release|Any CPU.Build.0 = Release|Any CPU
		{381CE857-3724-41DC-AD5D-E56D73750CA9}.Debug|Any CPU.ActiveCfg = Debug|Any CPU
		{381CE857-3724-41DC-AD5D-E56D73750CA9}.Debug|Any CPU.Build.0 = Debug|Any CPU
		{381CE857-3724-41DC-AD5D-E56D73750CA9}.Release|Any CPU.ActiveCfg = Release|Any CPU
		{381CE857-3724-41DC-AD5D-E56D73750CA9}.Release|Any CPU.Build.0 = Release|Any CPU
		{61C2A79E-2241-491C-8FF6-64018E8060D4}.Debug|Any CPU.ActiveCfg = Debug|Any CPU
		{61C2A79E-2241-491C-8FF6-64018E8060D4}.Debug|Any CPU.Build.0 = Debug|Any CPU
		{61C2A79E-2241-491C-8FF6-64018E8060D4}.Release|Any CPU.ActiveCfg = Release|Any CPU
		{61C2A79E-2241-491C-8FF6-64018E8060D4}.Release|Any CPU.Build.0 = Release|Any CPU
		{6AE51393-4A4C-4A7F-BBCC-B32CE31D62EA}.Debug|Any CPU.ActiveCfg = Debug|Any CPU
		{6AE51393-4A4C-4A7F-BBCC-B32CE31D62EA}.Debug|Any CPU.Build.0 = Debug|Any CPU
		{6AE51393-4A4C-4A7F-BBCC-B32CE31D62EA}.Release|Any CPU.ActiveCfg = Release|Any CPU
		{6AE51393-4A4C-4A7F-BBCC-B32CE31D62EA}.Release|Any CPU.Build.0 = Release|Any CPU
	EndGlobalSection
	GlobalSection(SolutionProperties) = preSolution
		HideSolutionNode = FALSE
	EndGlobalSection
	GlobalSection(NestedProjects) = preSolution
		{86401327-2BFB-4222-BA7F-F8B68CF99CD1} = {1F8EA4DE-52E7-4924-8C36-623EFC774707}
		{547961A3-A862-4932-B749-D708F0028CD2} = {D1E45B16-0197-40E5-8DCF-93A0DBDCC2FD}
		{92CE09E3-14DD-469A-8603-F792C54B1ECF} = {1F8EA4DE-52E7-4924-8C36-623EFC774707}
		{03287D4C-906B-4FEF-BABC-27AC733F3878} = {D1E45B16-0197-40E5-8DCF-93A0DBDCC2FD}
		{8378AADF-CAE6-4554-9743-5DC323347696} = {547961A3-A862-4932-B749-D708F0028CD2}
		{B3689D39-D10B-4931-A95C-B134245A081B} = {86401327-2BFB-4222-BA7F-F8B68CF99CD1}
		{D6D57E85-BB99-4F50-A86B-5B943836E684} = {1F8EA4DE-52E7-4924-8C36-623EFC774707}
		{E9F725D5-8F4D-492C-8B10-1F207CE399FD} = {D1E45B16-0197-40E5-8DCF-93A0DBDCC2FD}
		{A26203E9-7401-4D33-AEA4-4D6E89195336} = {CC24EFAC-CFD0-4514-B9FF-BA6A5CA5C291}
		{799A2772-A642-4F8E-8692-7C1FD658DF8D} = {D1E45B16-0197-40E5-8DCF-93A0DBDCC2FD}
		{2D8CC959-70C6-41C8-A734-A11A9C164154} = {1F8EA4DE-52E7-4924-8C36-623EFC774707}
		{7CEDB9FF-F121-49B0-A9EA-14C34CAB01F7} = {42520B16-FD8D-440A-B215-CF18E48B3CFB}
		{4FC33969-3E6B-4B9B-8F30-5F47DEF0AC49} = {42520B16-FD8D-440A-B215-CF18E48B3CFB}
		{E4F171AF-EE07-453D-A8A7-76C53877FF4F} = {D1E45B16-0197-40E5-8DCF-93A0DBDCC2FD}
		{F9B6C518-D6A9-4411-9503-27FA9129015F} = {1F8EA4DE-52E7-4924-8C36-623EFC774707}
		{27DA3A2D-FF3D-4B48-97F9-A15476E74BBC} = {86401327-2BFB-4222-BA7F-F8B68CF99CD1}
		{15F22407-88C6-4C47-BC8C-350AFE25C5C7} = {547961A3-A862-4932-B749-D708F0028CD2}
		{DB1B76A1-FF34-49A1-A219-3C14481CA713} = {DCE56DAD-A319-4A3A-A249-B2C423584F95}
		{48B3B8D0-7999-4022-B2BB-A77BCB18228B} = {DCE56DAD-A319-4A3A-A249-B2C423584F95}
		{D944DAEC-CA72-48DB-8CFE-A372A60EFB4A} = {DCE56DAD-A319-4A3A-A249-B2C423584F95}
		{381CE857-3724-41DC-AD5D-E56D73750CA9} = {D1E45B16-0197-40E5-8DCF-93A0DBDCC2FD}
		{61C2A79E-2241-491C-8FF6-64018E8060D4} = {1F8EA4DE-52E7-4924-8C36-623EFC774707}
		{6AE51393-4A4C-4A7F-BBCC-B32CE31D62EA} = {42520B16-FD8D-440A-B215-CF18E48B3CFB}
	EndGlobalSection
EndGlobal
