
Microsoft Visual Studio Solution File, Format Version 12.00
# Visual Studio 15
VisualStudioVersion = 15.0.26403.7
MinimumVisualStudioVersion = 10.0.40219.1
Project("{2150E333-8FDC-42A3-9474-1A3956D46DE8}") = "API", "API", "{AD57AA6B-FAB4-45DD-BF89-C32743BB059D}"
EndProject
Project("{FAE04EC0-301F-11D3-BF4B-00C04F79EFBC}") = "MyMoney.API", "API\MyMoney.API\MyMoney.API.csproj", "{61C2A79E-2241-491C-8FF6-64018E8060D4}"
EndProject
Project("{FAE04EC0-301F-11D3-BF4B-00C04F79EFBC}") = "MyMoney.API.Assemblers", "API\MyMoney.API.Assemblers\MyMoney.API.Assemblers.csproj", "{92CE09E3-14DD-469A-8603-F792C54B1ECF}"
EndProject
Project("{FAE04EC0-301F-11D3-BF4B-00C04F79EFBC}") = "MyMoney.API.DataAccess", "API\MyMoney.API.DataAccess\MyMoney.API.DataAccess.csproj", "{D6D57E85-BB99-4F50-A86B-5B943836E684}"
EndProject
Project("{FAE04EC0-301F-11D3-BF4B-00C04F79EFBC}") = "MyMoney.API.DataTransformers", "API\MyMoney.API.DataTransformers\MyMoney.API.DataTransformers.csproj", "{74ED1566-509F-4080-8ACA-07F248F76FAF}"
EndProject
Project("{FAE04EC0-301F-11D3-BF4B-00C04F79EFBC}") = "MyMoney.API.DependencyInjection", "API\MyMoney.API.DependencyInjection\MyMoney.API.DependencyInjection.csproj", "{2D8CC959-70C6-41C8-A734-A11A9C164154}"
EndProject
Project("{FAE04EC0-301F-11D3-BF4B-00C04F79EFBC}") = "MyMoney.API.Orchestrators", "API\MyMoney.API.Orchestrators\MyMoney.API.Orchestrators.csproj", "{F9B6C518-D6A9-4411-9503-27FA9129015F}"
EndProject
Project("{2150E333-8FDC-42A3-9474-1A3956D46DE8}") = "Tests", "Tests", "{4CC1E4B0-5084-40F8-BD47-564BB56354C7}"
EndProject
Project("{FAE04EC0-301F-11D3-BF4B-00C04F79EFBC}") = "MyMoney.API.Assemblers.Tests", "API\MyMoney.API.Assemblers.Tests\MyMoney.API.Assemblers.Tests.csproj", "{B3689D39-D10B-4931-A95C-B134245A081B}"
EndProject
Project("{FAE04EC0-301F-11D3-BF4B-00C04F79EFBC}") = "MyMoney.API.Orchestrators.Tests", "API\MyMoney.API.Orchestrators.Tests\MyMoney.API.Orchestrators.Tests.csproj", "{27DA3A2D-FF3D-4B48-97F9-A15476E74BBC}"
EndProject
Project("{2150E333-8FDC-42A3-9474-1A3956D46DE8}") = "Models", "Models", "{4B683345-6EE9-4369-B123-1FE0F1E5942E}"
EndProject
Project("{FAE04EC0-301F-11D3-BF4B-00C04F79EFBC}") = "MyMoney.DataModels", "Models\MyMoney.DataModels\MyMoney.DataModels.csproj", "{4FC33969-3E6B-4B9B-8F30-5F47DEF0AC49}"
EndProject
Project("{FAE04EC0-301F-11D3-BF4B-00C04F79EFBC}") = "MyMoney.Proxies", "Models\MyMoney.Proxies\MyMoney.Proxies.csproj", "{6AE51393-4A4C-4A7F-BBCC-B32CE31D62EA}"
EndProject
Project("{2150E333-8FDC-42A3-9474-1A3956D46DE8}") = "Shared", "Shared", "{D56146C5-E4B8-445E-B7D5-E3C709160CEE}"
EndProject
Project("{FAE04EC0-301F-11D3-BF4B-00C04F79EFBC}") = "MyMoney.DTO", "Shared\MyMoney.DTO\MyMoney.DTO.csproj", "{DB1B76A1-FF34-49A1-A219-3C14481CA713}"
EndProject
Project("{FAE04EC0-301F-11D3-BF4B-00C04F79EFBC}") = "MyMoney.Extensions", "Shared\MyMoney.Extensions\MyMoney.Extensions.csproj", "{AD13EEF3-D27B-4F89-B230-456575D5A0F2}"
EndProject
Project("{FAE04EC0-301F-11D3-BF4B-00C04F79EFBC}") = "MyMoney.Helpers", "Shared\MyMoney.Helpers\MyMoney.Helpers.csproj", "{0BA52AA7-2122-4690-9216-BEC476EA81ED}"
EndProject
Project("{FAE04EC0-301F-11D3-BF4B-00C04F79EFBC}") = "MyMoney.Resources", "Shared\MyMoney.Resources\MyMoney.Resources.csproj", "{48B3B8D0-7999-4022-B2BB-A77BCB18228B}"
EndProject
Project("{FAE04EC0-301F-11D3-BF4B-00C04F79EFBC}") = "MyMoney.Wrappers", "Shared\MyMoney.Wrappers\MyMoney.Wrappers.csproj", "{D944DAEC-CA72-48DB-8CFE-A372A60EFB4A}"
EndProject
Project("{2150E333-8FDC-42A3-9474-1A3956D46DE8}") = "Database", "Database", "{8E3FAF45-C5FA-42F9-91C3-33435DC6F4F2}"
EndProject
Project("{00D1A9C2-B5F0-4AF3-8072-F6C62B433612}") = "MyMoney.Database", "Database\MyMoney.Database\MyMoney.Database.sqlproj", "{A26203E9-7401-4D33-AEA4-4D6E89195336}"
EndProject
Global
	GlobalSection(SolutionConfigurationPlatforms) = preSolution
		Debug|Any CPU = Debug|Any CPU
		Release|Any CPU = Release|Any CPU
		Web API|Any CPU = Web API|Any CPU
		Web App|Any CPU = Web App|Any CPU
	EndGlobalSection
	GlobalSection(ProjectConfigurationPlatforms) = postSolution
		{61C2A79E-2241-491C-8FF6-64018E8060D4}.Debug|Any CPU.ActiveCfg = Debug|Any CPU
		{61C2A79E-2241-491C-8FF6-64018E8060D4}.Debug|Any CPU.Build.0 = Debug|Any CPU
		{61C2A79E-2241-491C-8FF6-64018E8060D4}.Release|Any CPU.ActiveCfg = Release|Any CPU
		{61C2A79E-2241-491C-8FF6-64018E8060D4}.Release|Any CPU.Build.0 = Release|Any CPU
		{61C2A79E-2241-491C-8FF6-64018E8060D4}.Web API|Any CPU.ActiveCfg = Web API|Any CPU
		{61C2A79E-2241-491C-8FF6-64018E8060D4}.Web API|Any CPU.Build.0 = Web API|Any CPU
		{61C2A79E-2241-491C-8FF6-64018E8060D4}.Web App|Any CPU.ActiveCfg = Web App|Any CPU
		{61C2A79E-2241-491C-8FF6-64018E8060D4}.Web App|Any CPU.Build.0 = Web App|Any CPU
		{92CE09E3-14DD-469A-8603-F792C54B1ECF}.Debug|Any CPU.ActiveCfg = Debug|Any CPU
		{92CE09E3-14DD-469A-8603-F792C54B1ECF}.Debug|Any CPU.Build.0 = Debug|Any CPU
		{92CE09E3-14DD-469A-8603-F792C54B1ECF}.Release|Any CPU.ActiveCfg = Release|Any CPU
		{92CE09E3-14DD-469A-8603-F792C54B1ECF}.Release|Any CPU.Build.0 = Release|Any CPU
		{92CE09E3-14DD-469A-8603-F792C54B1ECF}.Web API|Any CPU.ActiveCfg = Web API|Any CPU
		{92CE09E3-14DD-469A-8603-F792C54B1ECF}.Web API|Any CPU.Build.0 = Web API|Any CPU
		{92CE09E3-14DD-469A-8603-F792C54B1ECF}.Web App|Any CPU.ActiveCfg = Web App|Any CPU
		{92CE09E3-14DD-469A-8603-F792C54B1ECF}.Web App|Any CPU.Build.0 = Web App|Any CPU
		{D6D57E85-BB99-4F50-A86B-5B943836E684}.Debug|Any CPU.ActiveCfg = Debug|Any CPU
		{D6D57E85-BB99-4F50-A86B-5B943836E684}.Debug|Any CPU.Build.0 = Debug|Any CPU
		{D6D57E85-BB99-4F50-A86B-5B943836E684}.Release|Any CPU.ActiveCfg = Release|Any CPU
		{D6D57E85-BB99-4F50-A86B-5B943836E684}.Release|Any CPU.Build.0 = Release|Any CPU
		{D6D57E85-BB99-4F50-A86B-5B943836E684}.Web API|Any CPU.ActiveCfg = Web API|Any CPU
		{D6D57E85-BB99-4F50-A86B-5B943836E684}.Web API|Any CPU.Build.0 = Web API|Any CPU
		{D6D57E85-BB99-4F50-A86B-5B943836E684}.Web App|Any CPU.ActiveCfg = Web App|Any CPU
		{D6D57E85-BB99-4F50-A86B-5B943836E684}.Web App|Any CPU.Build.0 = Web App|Any CPU
		{74ED1566-509F-4080-8ACA-07F248F76FAF}.Debug|Any CPU.ActiveCfg = Debug|Any CPU
		{74ED1566-509F-4080-8ACA-07F248F76FAF}.Debug|Any CPU.Build.0 = Debug|Any CPU
		{74ED1566-509F-4080-8ACA-07F248F76FAF}.Release|Any CPU.ActiveCfg = Release|Any CPU
		{74ED1566-509F-4080-8ACA-07F248F76FAF}.Release|Any CPU.Build.0 = Release|Any CPU
		{74ED1566-509F-4080-8ACA-07F248F76FAF}.Web API|Any CPU.ActiveCfg = Release|Any CPU
		{74ED1566-509F-4080-8ACA-07F248F76FAF}.Web API|Any CPU.Build.0 = Release|Any CPU
		{74ED1566-509F-4080-8ACA-07F248F76FAF}.Web App|Any CPU.ActiveCfg = Release|Any CPU
		{74ED1566-509F-4080-8ACA-07F248F76FAF}.Web App|Any CPU.Build.0 = Release|Any CPU
		{2D8CC959-70C6-41C8-A734-A11A9C164154}.Debug|Any CPU.ActiveCfg = Debug|Any CPU
		{2D8CC959-70C6-41C8-A734-A11A9C164154}.Debug|Any CPU.Build.0 = Debug|Any CPU
		{2D8CC959-70C6-41C8-A734-A11A9C164154}.Release|Any CPU.ActiveCfg = Release|Any CPU
		{2D8CC959-70C6-41C8-A734-A11A9C164154}.Release|Any CPU.Build.0 = Release|Any CPU
		{2D8CC959-70C6-41C8-A734-A11A9C164154}.Web API|Any CPU.ActiveCfg = Web API|Any CPU
		{2D8CC959-70C6-41C8-A734-A11A9C164154}.Web API|Any CPU.Build.0 = Web API|Any CPU
		{2D8CC959-70C6-41C8-A734-A11A9C164154}.Web App|Any CPU.ActiveCfg = Web App|Any CPU
		{2D8CC959-70C6-41C8-A734-A11A9C164154}.Web App|Any CPU.Build.0 = Web App|Any CPU
		{F9B6C518-D6A9-4411-9503-27FA9129015F}.Debug|Any CPU.ActiveCfg = Debug|Any CPU
		{F9B6C518-D6A9-4411-9503-27FA9129015F}.Debug|Any CPU.Build.0 = Debug|Any CPU
		{F9B6C518-D6A9-4411-9503-27FA9129015F}.Release|Any CPU.ActiveCfg = Release|Any CPU
		{F9B6C518-D6A9-4411-9503-27FA9129015F}.Release|Any CPU.Build.0 = Release|Any CPU
		{F9B6C518-D6A9-4411-9503-27FA9129015F}.Web API|Any CPU.ActiveCfg = Web API|Any CPU
		{F9B6C518-D6A9-4411-9503-27FA9129015F}.Web API|Any CPU.Build.0 = Web API|Any CPU
		{F9B6C518-D6A9-4411-9503-27FA9129015F}.Web App|Any CPU.ActiveCfg = Web App|Any CPU
		{F9B6C518-D6A9-4411-9503-27FA9129015F}.Web App|Any CPU.Build.0 = Web App|Any CPU
		{B3689D39-D10B-4931-A95C-B134245A081B}.Debug|Any CPU.ActiveCfg = Debug|Any CPU
		{B3689D39-D10B-4931-A95C-B134245A081B}.Debug|Any CPU.Build.0 = Debug|Any CPU
		{B3689D39-D10B-4931-A95C-B134245A081B}.Release|Any CPU.ActiveCfg = Release|Any CPU
		{B3689D39-D10B-4931-A95C-B134245A081B}.Release|Any CPU.Build.0 = Release|Any CPU
		{B3689D39-D10B-4931-A95C-B134245A081B}.Web API|Any CPU.ActiveCfg = Web API|Any CPU
		{B3689D39-D10B-4931-A95C-B134245A081B}.Web API|Any CPU.Build.0 = Web API|Any CPU
		{B3689D39-D10B-4931-A95C-B134245A081B}.Web App|Any CPU.ActiveCfg = Web App|Any CPU
		{B3689D39-D10B-4931-A95C-B134245A081B}.Web App|Any CPU.Build.0 = Web App|Any CPU
		{27DA3A2D-FF3D-4B48-97F9-A15476E74BBC}.Debug|Any CPU.ActiveCfg = Debug|Any CPU
		{27DA3A2D-FF3D-4B48-97F9-A15476E74BBC}.Debug|Any CPU.Build.0 = Debug|Any CPU
		{27DA3A2D-FF3D-4B48-97F9-A15476E74BBC}.Release|Any CPU.ActiveCfg = Release|Any CPU
		{27DA3A2D-FF3D-4B48-97F9-A15476E74BBC}.Release|Any CPU.Build.0 = Release|Any CPU
		{27DA3A2D-FF3D-4B48-97F9-A15476E74BBC}.Web API|Any CPU.ActiveCfg = Web API|Any CPU
		{27DA3A2D-FF3D-4B48-97F9-A15476E74BBC}.Web API|Any CPU.Build.0 = Web API|Any CPU
		{27DA3A2D-FF3D-4B48-97F9-A15476E74BBC}.Web App|Any CPU.ActiveCfg = Web App|Any CPU
		{27DA3A2D-FF3D-4B48-97F9-A15476E74BBC}.Web App|Any CPU.Build.0 = Web App|Any CPU
		{4FC33969-3E6B-4B9B-8F30-5F47DEF0AC49}.Debug|Any CPU.ActiveCfg = Debug|Any CPU
		{4FC33969-3E6B-4B9B-8F30-5F47DEF0AC49}.Debug|Any CPU.Build.0 = Debug|Any CPU
		{4FC33969-3E6B-4B9B-8F30-5F47DEF0AC49}.Release|Any CPU.ActiveCfg = Release|Any CPU
		{4FC33969-3E6B-4B9B-8F30-5F47DEF0AC49}.Release|Any CPU.Build.0 = Release|Any CPU
		{4FC33969-3E6B-4B9B-8F30-5F47DEF0AC49}.Web API|Any CPU.ActiveCfg = Web API|Any CPU
		{4FC33969-3E6B-4B9B-8F30-5F47DEF0AC49}.Web API|Any CPU.Build.0 = Web API|Any CPU
		{4FC33969-3E6B-4B9B-8F30-5F47DEF0AC49}.Web App|Any CPU.ActiveCfg = Web App|Any CPU
		{4FC33969-3E6B-4B9B-8F30-5F47DEF0AC49}.Web App|Any CPU.Build.0 = Web App|Any CPU
		{6AE51393-4A4C-4A7F-BBCC-B32CE31D62EA}.Debug|Any CPU.ActiveCfg = Debug|Any CPU
		{6AE51393-4A4C-4A7F-BBCC-B32CE31D62EA}.Debug|Any CPU.Build.0 = Debug|Any CPU
		{6AE51393-4A4C-4A7F-BBCC-B32CE31D62EA}.Release|Any CPU.ActiveCfg = Release|Any CPU
		{6AE51393-4A4C-4A7F-BBCC-B32CE31D62EA}.Release|Any CPU.Build.0 = Release|Any CPU
		{6AE51393-4A4C-4A7F-BBCC-B32CE31D62EA}.Web API|Any CPU.ActiveCfg = Web API|Any CPU
		{6AE51393-4A4C-4A7F-BBCC-B32CE31D62EA}.Web API|Any CPU.Build.0 = Web API|Any CPU
		{6AE51393-4A4C-4A7F-BBCC-B32CE31D62EA}.Web App|Any CPU.ActiveCfg = Web App|Any CPU
		{6AE51393-4A4C-4A7F-BBCC-B32CE31D62EA}.Web App|Any CPU.Build.0 = Web App|Any CPU
		{DB1B76A1-FF34-49A1-A219-3C14481CA713}.Debug|Any CPU.ActiveCfg = Debug|Any CPU
		{DB1B76A1-FF34-49A1-A219-3C14481CA713}.Debug|Any CPU.Build.0 = Debug|Any CPU
		{DB1B76A1-FF34-49A1-A219-3C14481CA713}.Release|Any CPU.ActiveCfg = Release|Any CPU
		{DB1B76A1-FF34-49A1-A219-3C14481CA713}.Release|Any CPU.Build.0 = Release|Any CPU
		{DB1B76A1-FF34-49A1-A219-3C14481CA713}.Web API|Any CPU.ActiveCfg = Web API|Any CPU
		{DB1B76A1-FF34-49A1-A219-3C14481CA713}.Web API|Any CPU.Build.0 = Web API|Any CPU
		{DB1B76A1-FF34-49A1-A219-3C14481CA713}.Web App|Any CPU.ActiveCfg = Web App|Any CPU
		{DB1B76A1-FF34-49A1-A219-3C14481CA713}.Web App|Any CPU.Build.0 = Web App|Any CPU
		{AD13EEF3-D27B-4F89-B230-456575D5A0F2}.Debug|Any CPU.ActiveCfg = Debug|Any CPU
		{AD13EEF3-D27B-4F89-B230-456575D5A0F2}.Debug|Any CPU.Build.0 = Debug|Any CPU
		{AD13EEF3-D27B-4F89-B230-456575D5A0F2}.Release|Any CPU.ActiveCfg = Release|Any CPU
		{AD13EEF3-D27B-4F89-B230-456575D5A0F2}.Release|Any CPU.Build.0 = Release|Any CPU
		{AD13EEF3-D27B-4F89-B230-456575D5A0F2}.Web API|Any CPU.ActiveCfg = Web API|Any CPU
		{AD13EEF3-D27B-4F89-B230-456575D5A0F2}.Web API|Any CPU.Build.0 = Web API|Any CPU
		{AD13EEF3-D27B-4F89-B230-456575D5A0F2}.Web App|Any CPU.ActiveCfg = Web App|Any CPU
		{AD13EEF3-D27B-4F89-B230-456575D5A0F2}.Web App|Any CPU.Build.0 = Web App|Any CPU
		{0BA52AA7-2122-4690-9216-BEC476EA81ED}.Debug|Any CPU.ActiveCfg = Debug|Any CPU
		{0BA52AA7-2122-4690-9216-BEC476EA81ED}.Debug|Any CPU.Build.0 = Debug|Any CPU
		{0BA52AA7-2122-4690-9216-BEC476EA81ED}.Release|Any CPU.ActiveCfg = Release|Any CPU
		{0BA52AA7-2122-4690-9216-BEC476EA81ED}.Release|Any CPU.Build.0 = Release|Any CPU
		{0BA52AA7-2122-4690-9216-BEC476EA81ED}.Web API|Any CPU.ActiveCfg = Web API|Any CPU
		{0BA52AA7-2122-4690-9216-BEC476EA81ED}.Web API|Any CPU.Build.0 = Web API|Any CPU
		{0BA52AA7-2122-4690-9216-BEC476EA81ED}.Web App|Any CPU.ActiveCfg = Web App|Any CPU
		{0BA52AA7-2122-4690-9216-BEC476EA81ED}.Web App|Any CPU.Build.0 = Web App|Any CPU
		{48B3B8D0-7999-4022-B2BB-A77BCB18228B}.Debug|Any CPU.ActiveCfg = Debug|Any CPU
		{48B3B8D0-7999-4022-B2BB-A77BCB18228B}.Debug|Any CPU.Build.0 = Debug|Any CPU
		{48B3B8D0-7999-4022-B2BB-A77BCB18228B}.Release|Any CPU.ActiveCfg = Release|Any CPU
		{48B3B8D0-7999-4022-B2BB-A77BCB18228B}.Release|Any CPU.Build.0 = Release|Any CPU
		{48B3B8D0-7999-4022-B2BB-A77BCB18228B}.Web API|Any CPU.ActiveCfg = Web API|Any CPU
		{48B3B8D0-7999-4022-B2BB-A77BCB18228B}.Web API|Any CPU.Build.0 = Web API|Any CPU
		{48B3B8D0-7999-4022-B2BB-A77BCB18228B}.Web App|Any CPU.ActiveCfg = Web App|Any CPU
		{48B3B8D0-7999-4022-B2BB-A77BCB18228B}.Web App|Any CPU.Build.0 = Web App|Any CPU
		{D944DAEC-CA72-48DB-8CFE-A372A60EFB4A}.Debug|Any CPU.ActiveCfg = Debug|Any CPU
		{D944DAEC-CA72-48DB-8CFE-A372A60EFB4A}.Debug|Any CPU.Build.0 = Debug|Any CPU
		{D944DAEC-CA72-48DB-8CFE-A372A60EFB4A}.Release|Any CPU.ActiveCfg = Release|Any CPU
		{D944DAEC-CA72-48DB-8CFE-A372A60EFB4A}.Release|Any CPU.Build.0 = Release|Any CPU
		{D944DAEC-CA72-48DB-8CFE-A372A60EFB4A}.Web API|Any CPU.ActiveCfg = Web API|Any CPU
		{D944DAEC-CA72-48DB-8CFE-A372A60EFB4A}.Web API|Any CPU.Build.0 = Web API|Any CPU
		{D944DAEC-CA72-48DB-8CFE-A372A60EFB4A}.Web App|Any CPU.ActiveCfg = Web App|Any CPU
		{D944DAEC-CA72-48DB-8CFE-A372A60EFB4A}.Web App|Any CPU.Build.0 = Web App|Any CPU
		{A26203E9-7401-4D33-AEA4-4D6E89195336}.Debug|Any CPU.ActiveCfg = Debug|Any CPU
		{A26203E9-7401-4D33-AEA4-4D6E89195336}.Debug|Any CPU.Build.0 = Debug|Any CPU
		{A26203E9-7401-4D33-AEA4-4D6E89195336}.Debug|Any CPU.Deploy.0 = Debug|Any CPU
		{A26203E9-7401-4D33-AEA4-4D6E89195336}.Release|Any CPU.ActiveCfg = Release|Any CPU
		{A26203E9-7401-4D33-AEA4-4D6E89195336}.Release|Any CPU.Build.0 = Release|Any CPU
		{A26203E9-7401-4D33-AEA4-4D6E89195336}.Release|Any CPU.Deploy.0 = Release|Any CPU
		{A26203E9-7401-4D33-AEA4-4D6E89195336}.Web API|Any CPU.ActiveCfg = Web API|Any CPU
		{A26203E9-7401-4D33-AEA4-4D6E89195336}.Web API|Any CPU.Build.0 = Web API|Any CPU
		{A26203E9-7401-4D33-AEA4-4D6E89195336}.Web API|Any CPU.Deploy.0 = Web API|Any CPU
		{A26203E9-7401-4D33-AEA4-4D6E89195336}.Web App|Any CPU.ActiveCfg = Web App|Any CPU
		{A26203E9-7401-4D33-AEA4-4D6E89195336}.Web App|Any CPU.Build.0 = Web App|Any CPU
		{A26203E9-7401-4D33-AEA4-4D6E89195336}.Web App|Any CPU.Deploy.0 = Web App|Any CPU
	EndGlobalSection
	GlobalSection(SolutionProperties) = preSolution
		HideSolutionNode = FALSE
	EndGlobalSection
	GlobalSection(NestedProjects) = preSolution
		{61C2A79E-2241-491C-8FF6-64018E8060D4} = {AD57AA6B-FAB4-45DD-BF89-C32743BB059D}
		{92CE09E3-14DD-469A-8603-F792C54B1ECF} = {AD57AA6B-FAB4-45DD-BF89-C32743BB059D}
		{D6D57E85-BB99-4F50-A86B-5B943836E684} = {AD57AA6B-FAB4-45DD-BF89-C32743BB059D}
		{74ED1566-509F-4080-8ACA-07F248F76FAF} = {AD57AA6B-FAB4-45DD-BF89-C32743BB059D}
		{2D8CC959-70C6-41C8-A734-A11A9C164154} = {AD57AA6B-FAB4-45DD-BF89-C32743BB059D}
		{F9B6C518-D6A9-4411-9503-27FA9129015F} = {AD57AA6B-FAB4-45DD-BF89-C32743BB059D}
		{4CC1E4B0-5084-40F8-BD47-564BB56354C7} = {AD57AA6B-FAB4-45DD-BF89-C32743BB059D}
		{B3689D39-D10B-4931-A95C-B134245A081B} = {4CC1E4B0-5084-40F8-BD47-564BB56354C7}
		{27DA3A2D-FF3D-4B48-97F9-A15476E74BBC} = {4CC1E4B0-5084-40F8-BD47-564BB56354C7}
		{4FC33969-3E6B-4B9B-8F30-5F47DEF0AC49} = {4B683345-6EE9-4369-B123-1FE0F1E5942E}
		{6AE51393-4A4C-4A7F-BBCC-B32CE31D62EA} = {4B683345-6EE9-4369-B123-1FE0F1E5942E}
		{DB1B76A1-FF34-49A1-A219-3C14481CA713} = {D56146C5-E4B8-445E-B7D5-E3C709160CEE}
		{AD13EEF3-D27B-4F89-B230-456575D5A0F2} = {D56146C5-E4B8-445E-B7D5-E3C709160CEE}
		{0BA52AA7-2122-4690-9216-BEC476EA81ED} = {D56146C5-E4B8-445E-B7D5-E3C709160CEE}
		{48B3B8D0-7999-4022-B2BB-A77BCB18228B} = {D56146C5-E4B8-445E-B7D5-E3C709160CEE}
		{D944DAEC-CA72-48DB-8CFE-A372A60EFB4A} = {D56146C5-E4B8-445E-B7D5-E3C709160CEE}
		{A26203E9-7401-4D33-AEA4-4D6E89195336} = {8E3FAF45-C5FA-42F9-91C3-33435DC6F4F2}
	EndGlobalSection
EndGlobal
