
Microsoft Visual Studio Solution File, Format Version 12.00
# Visual Studio 15
VisualStudioVersion = 15.0.26403.7
MinimumVisualStudioVersion = 10.0.40219.1
Project("{2150E333-8FDC-42A3-9474-1A3956D46DE8}") = "Models", "Models", "{42520B16-FD8D-440A-B215-CF18E48B3CFB}"
EndProject
Project("{2150E333-8FDC-42A3-9474-1A3956D46DE8}") = "Shared", "Shared", "{DCE56DAD-A319-4A3A-A249-B2C423584F95}"
EndProject
Project("{2150E333-8FDC-42A3-9474-1A3956D46DE8}") = "Tests", "Tests", "{547961A3-A862-4932-B749-D708F0028CD2}"
EndProject
Project("{FAE04EC0-301F-11D3-BF4B-00C04F79EFBC}") = "MyMoney.Web.Assemblers", "Web\MyMoney.Web.Assemblers\MyMoney.Web.Assemblers.csproj", "{03287D4C-906B-4FEF-BABC-27AC733F3878}"
EndProject
Project("{FAE04EC0-301F-11D3-BF4B-00C04F79EFBC}") = "MyMoney.Web.Assemblers.Tests", "Web\MyMoney.Web.Assemblers.Tests\MyMoney.Web.Assemblers.Tests.csproj", "{8378AADF-CAE6-4554-9743-5DC323347696}"
EndProject
Project("{FAE04EC0-301F-11D3-BF4B-00C04F79EFBC}") = "MyMoney.Web.DataAccess", "Web\MyMoney.Web.DataAccess\MyMoney.Web.DataAccess.csproj", "{E9F725D5-8F4D-492C-8B10-1F207CE399FD}"
EndProject
Project("{FAE04EC0-301F-11D3-BF4B-00C04F79EFBC}") = "MyMoney.Web.DependencyInjection", "Web\MyMoney.Web.DependencyInjection\MyMoney.Web.DependencyInjection.csproj", "{799A2772-A642-4F8E-8692-7C1FD658DF8D}"
EndProject
Project("{FAE04EC0-301F-11D3-BF4B-00C04F79EFBC}") = "MyMoney.ViewModels", "Models\MyMoney.ViewModels\MyMoney.ViewModels.csproj", "{7CEDB9FF-F121-49B0-A9EA-14C34CAB01F7}"
EndProject
Project("{FAE04EC0-301F-11D3-BF4B-00C04F79EFBC}") = "MyMoney.Web.Orchestrators", "Web\MyMoney.Web.Orchestrators\MyMoney.Web.Orchestrators.csproj", "{E4F171AF-EE07-453D-A8A7-76C53877FF4F}"
EndProject
Project("{FAE04EC0-301F-11D3-BF4B-00C04F79EFBC}") = "MyMoney.Web.Orchestrators.Tests", "Web\MyMoney.Web.Orchestrators.Tests\MyMoney.Web.Orchestrators.Tests.csproj", "{15F22407-88C6-4C47-BC8C-350AFE25C5C7}"
EndProject
Project("{FAE04EC0-301F-11D3-BF4B-00C04F79EFBC}") = "MyMoney.DTO", "Shared\MyMoney.DTO\MyMoney.DTO.csproj", "{DB1B76A1-FF34-49A1-A219-3C14481CA713}"
EndProject
Project("{FAE04EC0-301F-11D3-BF4B-00C04F79EFBC}") = "MyMoney.Resources", "Shared\MyMoney.Resources\MyMoney.Resources.csproj", "{48B3B8D0-7999-4022-B2BB-A77BCB18228B}"
EndProject
Project("{FAE04EC0-301F-11D3-BF4B-00C04F79EFBC}") = "MyMoney.Wrappers", "Shared\MyMoney.Wrappers\MyMoney.Wrappers.csproj", "{D944DAEC-CA72-48DB-8CFE-A372A60EFB4A}"
EndProject
Project("{FAE04EC0-301F-11D3-BF4B-00C04F79EFBC}") = "MyMoney.Web", "Web\MyMoney.Web\MyMoney.Web.csproj", "{381CE857-3724-41DC-AD5D-E56D73750CA9}"
EndProject
Project("{2150E333-8FDC-42A3-9474-1A3956D46DE8}") = "Web", "Web", "{D1E45B16-0197-40E5-8DCF-93A0DBDCC2FD}"
EndProject
Project("{FAE04EC0-301F-11D3-BF4B-00C04F79EFBC}") = "MyMoney.Proxies", "Models\MyMoney.Proxies\MyMoney.Proxies.csproj", "{6AE51393-4A4C-4A7F-BBCC-B32CE31D62EA}"
EndProject
Project("{FAE04EC0-301F-11D3-BF4B-00C04F79EFBC}") = "MyMoney.Helpers", "Shared\MyMoney.Helpers\MyMoney.Helpers.csproj", "{0BA52AA7-2122-4690-9216-BEC476EA81ED}"
EndProject
Project("{FAE04EC0-301F-11D3-BF4B-00C04F79EFBC}") = "MyMoney.Extensions", "Shared\MyMoney.Extensions\MyMoney.Extensions.csproj", "{AD13EEF3-D27B-4F89-B230-456575D5A0F2}"
EndProject
Global
	GlobalSection(SolutionConfigurationPlatforms) = preSolution
		Debug|Any CPU = Debug|Any CPU
		Release|Any CPU = Release|Any CPU
		Web API|Any CPU = Web API|Any CPU
		Web App|Any CPU = Web App|Any CPU
	EndGlobalSection
	GlobalSection(ProjectConfigurationPlatforms) = postSolution
		{03287D4C-906B-4FEF-BABC-27AC733F3878}.Debug|Any CPU.ActiveCfg = Debug|Any CPU
		{03287D4C-906B-4FEF-BABC-27AC733F3878}.Debug|Any CPU.Build.0 = Debug|Any CPU
		{03287D4C-906B-4FEF-BABC-27AC733F3878}.Release|Any CPU.ActiveCfg = Release|Any CPU
		{03287D4C-906B-4FEF-BABC-27AC733F3878}.Release|Any CPU.Build.0 = Release|Any CPU
		{03287D4C-906B-4FEF-BABC-27AC733F3878}.Web API|Any CPU.ActiveCfg = Web API|Any CPU
		{03287D4C-906B-4FEF-BABC-27AC733F3878}.Web App|Any CPU.ActiveCfg = Web App|Any CPU
		{03287D4C-906B-4FEF-BABC-27AC733F3878}.Web App|Any CPU.Build.0 = Web App|Any CPU
		{8378AADF-CAE6-4554-9743-5DC323347696}.Debug|Any CPU.ActiveCfg = Debug|Any CPU
		{8378AADF-CAE6-4554-9743-5DC323347696}.Debug|Any CPU.Build.0 = Debug|Any CPU
		{8378AADF-CAE6-4554-9743-5DC323347696}.Release|Any CPU.ActiveCfg = Release|Any CPU
		{8378AADF-CAE6-4554-9743-5DC323347696}.Release|Any CPU.Build.0 = Release|Any CPU
		{8378AADF-CAE6-4554-9743-5DC323347696}.Web API|Any CPU.ActiveCfg = Web API|Any CPU
		{8378AADF-CAE6-4554-9743-5DC323347696}.Web App|Any CPU.ActiveCfg = Web App|Any CPU
		{8378AADF-CAE6-4554-9743-5DC323347696}.Web App|Any CPU.Build.0 = Web App|Any CPU
		{E9F725D5-8F4D-492C-8B10-1F207CE399FD}.Debug|Any CPU.ActiveCfg = Debug|Any CPU
		{E9F725D5-8F4D-492C-8B10-1F207CE399FD}.Debug|Any CPU.Build.0 = Debug|Any CPU
		{E9F725D5-8F4D-492C-8B10-1F207CE399FD}.Release|Any CPU.ActiveCfg = Release|Any CPU
		{E9F725D5-8F4D-492C-8B10-1F207CE399FD}.Release|Any CPU.Build.0 = Release|Any CPU
		{E9F725D5-8F4D-492C-8B10-1F207CE399FD}.Web API|Any CPU.ActiveCfg = Web API|Any CPU
		{E9F725D5-8F4D-492C-8B10-1F207CE399FD}.Web App|Any CPU.ActiveCfg = Web App|Any CPU
		{E9F725D5-8F4D-492C-8B10-1F207CE399FD}.Web App|Any CPU.Build.0 = Web App|Any CPU
		{799A2772-A642-4F8E-8692-7C1FD658DF8D}.Debug|Any CPU.ActiveCfg = Debug|Any CPU
		{799A2772-A642-4F8E-8692-7C1FD658DF8D}.Debug|Any CPU.Build.0 = Debug|Any CPU
		{799A2772-A642-4F8E-8692-7C1FD658DF8D}.Release|Any CPU.ActiveCfg = Release|Any CPU
		{799A2772-A642-4F8E-8692-7C1FD658DF8D}.Release|Any CPU.Build.0 = Release|Any CPU
		{799A2772-A642-4F8E-8692-7C1FD658DF8D}.Web API|Any CPU.ActiveCfg = Web API|Any CPU
		{799A2772-A642-4F8E-8692-7C1FD658DF8D}.Web App|Any CPU.ActiveCfg = Web App|Any CPU
		{799A2772-A642-4F8E-8692-7C1FD658DF8D}.Web App|Any CPU.Build.0 = Web App|Any CPU
		{7CEDB9FF-F121-49B0-A9EA-14C34CAB01F7}.Debug|Any CPU.ActiveCfg = Debug|Any CPU
		{7CEDB9FF-F121-49B0-A9EA-14C34CAB01F7}.Debug|Any CPU.Build.0 = Debug|Any CPU
		{7CEDB9FF-F121-49B0-A9EA-14C34CAB01F7}.Release|Any CPU.ActiveCfg = Release|Any CPU
		{7CEDB9FF-F121-49B0-A9EA-14C34CAB01F7}.Release|Any CPU.Build.0 = Release|Any CPU
		{7CEDB9FF-F121-49B0-A9EA-14C34CAB01F7}.Web API|Any CPU.ActiveCfg = Web API|Any CPU
		{7CEDB9FF-F121-49B0-A9EA-14C34CAB01F7}.Web App|Any CPU.ActiveCfg = Web App|Any CPU
		{7CEDB9FF-F121-49B0-A9EA-14C34CAB01F7}.Web App|Any CPU.Build.0 = Web App|Any CPU
		{E4F171AF-EE07-453D-A8A7-76C53877FF4F}.Debug|Any CPU.ActiveCfg = Debug|Any CPU
		{E4F171AF-EE07-453D-A8A7-76C53877FF4F}.Debug|Any CPU.Build.0 = Debug|Any CPU
		{E4F171AF-EE07-453D-A8A7-76C53877FF4F}.Release|Any CPU.ActiveCfg = Release|Any CPU
		{E4F171AF-EE07-453D-A8A7-76C53877FF4F}.Release|Any CPU.Build.0 = Release|Any CPU
		{E4F171AF-EE07-453D-A8A7-76C53877FF4F}.Web API|Any CPU.ActiveCfg = Web API|Any CPU
		{E4F171AF-EE07-453D-A8A7-76C53877FF4F}.Web App|Any CPU.ActiveCfg = Web App|Any CPU
		{E4F171AF-EE07-453D-A8A7-76C53877FF4F}.Web App|Any CPU.Build.0 = Web App|Any CPU
		{15F22407-88C6-4C47-BC8C-350AFE25C5C7}.Debug|Any CPU.ActiveCfg = Debug|Any CPU
		{15F22407-88C6-4C47-BC8C-350AFE25C5C7}.Debug|Any CPU.Build.0 = Debug|Any CPU
		{15F22407-88C6-4C47-BC8C-350AFE25C5C7}.Release|Any CPU.ActiveCfg = Release|Any CPU
		{15F22407-88C6-4C47-BC8C-350AFE25C5C7}.Release|Any CPU.Build.0 = Release|Any CPU
		{15F22407-88C6-4C47-BC8C-350AFE25C5C7}.Web API|Any CPU.ActiveCfg = Web API|Any CPU
		{15F22407-88C6-4C47-BC8C-350AFE25C5C7}.Web App|Any CPU.ActiveCfg = Web App|Any CPU
		{15F22407-88C6-4C47-BC8C-350AFE25C5C7}.Web App|Any CPU.Build.0 = Web App|Any CPU
		{DB1B76A1-FF34-49A1-A219-3C14481CA713}.Debug|Any CPU.ActiveCfg = Debug|Any CPU
		{DB1B76A1-FF34-49A1-A219-3C14481CA713}.Debug|Any CPU.Build.0 = Debug|Any CPU
		{DB1B76A1-FF34-49A1-A219-3C14481CA713}.Release|Any CPU.ActiveCfg = Release|Any CPU
		{DB1B76A1-FF34-49A1-A219-3C14481CA713}.Release|Any CPU.Build.0 = Release|Any CPU
		{DB1B76A1-FF34-49A1-A219-3C14481CA713}.Web API|Any CPU.ActiveCfg = Web API|Any CPU
		{DB1B76A1-FF34-49A1-A219-3C14481CA713}.Web API|Any CPU.Build.0 = Web API|Any CPU
		{DB1B76A1-FF34-49A1-A219-3C14481CA713}.Web App|Any CPU.ActiveCfg = Web App|Any CPU
		{DB1B76A1-FF34-49A1-A219-3C14481CA713}.Web App|Any CPU.Build.0 = Web App|Any CPU
		{48B3B8D0-7999-4022-B2BB-A77BCB18228B}.Debug|Any CPU.ActiveCfg = Debug|Any CPU
		{48B3B8D0-7999-4022-B2BB-A77BCB18228B}.Debug|Any CPU.Build.0 = Debug|Any CPU
		{48B3B8D0-7999-4022-B2BB-A77BCB18228B}.Release|Any CPU.ActiveCfg = Release|Any CPU
		{48B3B8D0-7999-4022-B2BB-A77BCB18228B}.Release|Any CPU.Build.0 = Release|Any CPU
		{48B3B8D0-7999-4022-B2BB-A77BCB18228B}.Web API|Any CPU.ActiveCfg = Web API|Any CPU
		{48B3B8D0-7999-4022-B2BB-A77BCB18228B}.Web API|Any CPU.Build.0 = Web API|Any CPU
		{48B3B8D0-7999-4022-B2BB-A77BCB18228B}.Web App|Any CPU.ActiveCfg = Web App|Any CPU
		{48B3B8D0-7999-4022-B2BB-A77BCB18228B}.Web App|Any CPU.Build.0 = Web App|Any CPU
		{D944DAEC-CA72-48DB-8CFE-A372A60EFB4A}.Debug|Any CPU.ActiveCfg = Debug|Any CPU
		{D944DAEC-CA72-48DB-8CFE-A372A60EFB4A}.Debug|Any CPU.Build.0 = Debug|Any CPU
		{D944DAEC-CA72-48DB-8CFE-A372A60EFB4A}.Release|Any CPU.ActiveCfg = Release|Any CPU
		{D944DAEC-CA72-48DB-8CFE-A372A60EFB4A}.Release|Any CPU.Build.0 = Release|Any CPU
		{D944DAEC-CA72-48DB-8CFE-A372A60EFB4A}.Web API|Any CPU.ActiveCfg = Web API|Any CPU
		{D944DAEC-CA72-48DB-8CFE-A372A60EFB4A}.Web API|Any CPU.Build.0 = Web API|Any CPU
		{D944DAEC-CA72-48DB-8CFE-A372A60EFB4A}.Web App|Any CPU.ActiveCfg = Web App|Any CPU
		{D944DAEC-CA72-48DB-8CFE-A372A60EFB4A}.Web App|Any CPU.Build.0 = Web App|Any CPU
		{381CE857-3724-41DC-AD5D-E56D73750CA9}.Debug|Any CPU.ActiveCfg = Debug|Any CPU
		{381CE857-3724-41DC-AD5D-E56D73750CA9}.Debug|Any CPU.Build.0 = Debug|Any CPU
		{381CE857-3724-41DC-AD5D-E56D73750CA9}.Release|Any CPU.ActiveCfg = Release|Any CPU
		{381CE857-3724-41DC-AD5D-E56D73750CA9}.Release|Any CPU.Build.0 = Release|Any CPU
		{381CE857-3724-41DC-AD5D-E56D73750CA9}.Web API|Any CPU.ActiveCfg = Web API|Any CPU
		{381CE857-3724-41DC-AD5D-E56D73750CA9}.Web App|Any CPU.ActiveCfg = Web App|Any CPU
		{381CE857-3724-41DC-AD5D-E56D73750CA9}.Web App|Any CPU.Build.0 = Web App|Any CPU
		{6AE51393-4A4C-4A7F-BBCC-B32CE31D62EA}.Debug|Any CPU.ActiveCfg = Debug|Any CPU
		{6AE51393-4A4C-4A7F-BBCC-B32CE31D62EA}.Debug|Any CPU.Build.0 = Debug|Any CPU
		{6AE51393-4A4C-4A7F-BBCC-B32CE31D62EA}.Release|Any CPU.ActiveCfg = Release|Any CPU
		{6AE51393-4A4C-4A7F-BBCC-B32CE31D62EA}.Release|Any CPU.Build.0 = Release|Any CPU
		{6AE51393-4A4C-4A7F-BBCC-B32CE31D62EA}.Web API|Any CPU.ActiveCfg = Web API|Any CPU
		{6AE51393-4A4C-4A7F-BBCC-B32CE31D62EA}.Web API|Any CPU.Build.0 = Web API|Any CPU
		{6AE51393-4A4C-4A7F-BBCC-B32CE31D62EA}.Web App|Any CPU.ActiveCfg = Web App|Any CPU
		{6AE51393-4A4C-4A7F-BBCC-B32CE31D62EA}.Web App|Any CPU.Build.0 = Web App|Any CPU
		{0BA52AA7-2122-4690-9216-BEC476EA81ED}.Debug|Any CPU.ActiveCfg = Debug|Any CPU
		{0BA52AA7-2122-4690-9216-BEC476EA81ED}.Debug|Any CPU.Build.0 = Debug|Any CPU
		{0BA52AA7-2122-4690-9216-BEC476EA81ED}.Release|Any CPU.ActiveCfg = Release|Any CPU
		{0BA52AA7-2122-4690-9216-BEC476EA81ED}.Release|Any CPU.Build.0 = Release|Any CPU
		{0BA52AA7-2122-4690-9216-BEC476EA81ED}.Web API|Any CPU.ActiveCfg = Web API|Any CPU
		{0BA52AA7-2122-4690-9216-BEC476EA81ED}.Web API|Any CPU.Build.0 = Web API|Any CPU
		{0BA52AA7-2122-4690-9216-BEC476EA81ED}.Web App|Any CPU.ActiveCfg = Web App|Any CPU
		{0BA52AA7-2122-4690-9216-BEC476EA81ED}.Web App|Any CPU.Build.0 = Web App|Any CPU
		{AD13EEF3-D27B-4F89-B230-456575D5A0F2}.Debug|Any CPU.ActiveCfg = Debug|Any CPU
		{AD13EEF3-D27B-4F89-B230-456575D5A0F2}.Debug|Any CPU.Build.0 = Debug|Any CPU
		{AD13EEF3-D27B-4F89-B230-456575D5A0F2}.Release|Any CPU.ActiveCfg = Release|Any CPU
		{AD13EEF3-D27B-4F89-B230-456575D5A0F2}.Release|Any CPU.Build.0 = Release|Any CPU
		{AD13EEF3-D27B-4F89-B230-456575D5A0F2}.Web API|Any CPU.ActiveCfg = Web API|Any CPU
		{AD13EEF3-D27B-4F89-B230-456575D5A0F2}.Web API|Any CPU.Build.0 = Web API|Any CPU
		{AD13EEF3-D27B-4F89-B230-456575D5A0F2}.Web App|Any CPU.ActiveCfg = Web App|Any CPU
		{AD13EEF3-D27B-4F89-B230-456575D5A0F2}.Web App|Any CPU.Build.0 = Web App|Any CPU
	EndGlobalSection
	GlobalSection(SolutionProperties) = preSolution
		HideSolutionNode = FALSE
	EndGlobalSection
	GlobalSection(NestedProjects) = preSolution
		{547961A3-A862-4932-B749-D708F0028CD2} = {D1E45B16-0197-40E5-8DCF-93A0DBDCC2FD}
		{03287D4C-906B-4FEF-BABC-27AC733F3878} = {D1E45B16-0197-40E5-8DCF-93A0DBDCC2FD}
		{8378AADF-CAE6-4554-9743-5DC323347696} = {547961A3-A862-4932-B749-D708F0028CD2}
		{E9F725D5-8F4D-492C-8B10-1F207CE399FD} = {D1E45B16-0197-40E5-8DCF-93A0DBDCC2FD}
		{799A2772-A642-4F8E-8692-7C1FD658DF8D} = {D1E45B16-0197-40E5-8DCF-93A0DBDCC2FD}
		{7CEDB9FF-F121-49B0-A9EA-14C34CAB01F7} = {42520B16-FD8D-440A-B215-CF18E48B3CFB}
		{E4F171AF-EE07-453D-A8A7-76C53877FF4F} = {D1E45B16-0197-40E5-8DCF-93A0DBDCC2FD}
		{15F22407-88C6-4C47-BC8C-350AFE25C5C7} = {547961A3-A862-4932-B749-D708F0028CD2}
		{DB1B76A1-FF34-49A1-A219-3C14481CA713} = {DCE56DAD-A319-4A3A-A249-B2C423584F95}
		{48B3B8D0-7999-4022-B2BB-A77BCB18228B} = {DCE56DAD-A319-4A3A-A249-B2C423584F95}
		{D944DAEC-CA72-48DB-8CFE-A372A60EFB4A} = {DCE56DAD-A319-4A3A-A249-B2C423584F95}
		{381CE857-3724-41DC-AD5D-E56D73750CA9} = {D1E45B16-0197-40E5-8DCF-93A0DBDCC2FD}
		{6AE51393-4A4C-4A7F-BBCC-B32CE31D62EA} = {42520B16-FD8D-440A-B215-CF18E48B3CFB}
		{0BA52AA7-2122-4690-9216-BEC476EA81ED} = {DCE56DAD-A319-4A3A-A249-B2C423584F95}
		{AD13EEF3-D27B-4F89-B230-456575D5A0F2} = {DCE56DAD-A319-4A3A-A249-B2C423584F95}
	EndGlobalSection
EndGlobal
